// !$*UTF8*$!
{
	archiveVersion = 1;
	classes = {
	};
	objectVersion = 56;
	objects = {

/* Begin PBXBuildFile section */
		DC389B542BD19FCB00DB3515 /* unstressedApp.swift in Sources */ = {isa = PBXBuildFile; fileRef = DC389B532BD19FCB00DB3515 /* unstressedApp.swift */; };
		DC389B562BD19FCB00DB3515 /* ContentView.swift in Sources */ = {isa = PBXBuildFile; fileRef = DC389B552BD19FCB00DB3515 /* ContentView.swift */; };
		DC389B582BD19FCD00DB3515 /* Assets.xcassets in Resources */ = {isa = PBXBuildFile; fileRef = DC389B572BD19FCD00DB3515 /* Assets.xcassets */; };
		DC389B5C2BD19FCD00DB3515 /* Preview Assets.xcassets in Resources */ = {isa = PBXBuildFile; fileRef = DC389B5B2BD19FCD00DB3515 /* Preview Assets.xcassets */; };
		DC389B662BD19FCE00DB3515 /* unstressedTests.swift in Sources */ = {isa = PBXBuildFile; fileRef = DC389B652BD19FCE00DB3515 /* unstressedTests.swift */; };
		DC389B702BD19FCE00DB3515 /* unstressedUITests.swift in Sources */ = {isa = PBXBuildFile; fileRef = DC389B6F2BD19FCE00DB3515 /* unstressedUITests.swift */; };
		DC389B722BD19FCE00DB3515 /* unstressedUITestsLaunchTests.swift in Sources */ = {isa = PBXBuildFile; fileRef = DC389B712BD19FCE00DB3515 /* unstressedUITestsLaunchTests.swift */; };
/* End PBXBuildFile section */

/* Begin PBXContainerItemProxy section */
		DC389B622BD19FCE00DB3515 /* PBXContainerItemProxy */ = {
			isa = PBXContainerItemProxy;
			containerPortal = DC389B482BD19FCB00DB3515 /* Project object */;
			proxyType = 1;
			remoteGlobalIDString = DC389B4F2BD19FCB00DB3515;
			remoteInfo = unstressed;
		};
		DC389B6C2BD19FCE00DB3515 /* PBXContainerItemProxy */ = {
			isa = PBXContainerItemProxy;
			containerPortal = DC389B482BD19FCB00DB3515 /* Project object */;
			proxyType = 1;
			remoteGlobalIDString = DC389B4F2BD19FCB00DB3515;
			remoteInfo = unstressed;
		};
/* End PBXContainerItemProxy section */

/* Begin PBXFileReference section */
		DC389B502BD19FCB00DB3515 /* unstressed.app */ = {isa = PBXFileReference; explicitFileType = wrapper.application; includeInIndex = 0; path = unstressed.app; sourceTree = BUILT_PRODUCTS_DIR; };
		DC389B532BD19FCB00DB3515 /* unstressedApp.swift */ = {isa = PBXFileReference; lastKnownFileType = sourcecode.swift; path = unstressedApp.swift; sourceTree = "<group>"; };
		DC389B552BD19FCB00DB3515 /* ContentView.swift */ = {isa = PBXFileReference; lastKnownFileType = sourcecode.swift; path = ContentView.swift; sourceTree = "<group>"; };
		DC389B572BD19FCD00DB3515 /* Assets.xcassets */ = {isa = PBXFileReference; lastKnownFileType = folder.assetcatalog; path = Assets.xcassets; sourceTree = "<group>"; };
		DC389B592BD19FCD00DB3515 /* unstressed.entitlements */ = {isa = PBXFileReference; lastKnownFileType = text.plist.entitlements; path = unstressed.entitlements; sourceTree = "<group>"; };
		DC389B5B2BD19FCD00DB3515 /* Preview Assets.xcassets */ = {isa = PBXFileReference; lastKnownFileType = folder.assetcatalog; path = "Preview Assets.xcassets"; sourceTree = "<group>"; };
		DC389B612BD19FCE00DB3515 /* unstressedTests.xctest */ = {isa = PBXFileReference; explicitFileType = wrapper.cfbundle; includeInIndex = 0; path = unstressedTests.xctest; sourceTree = BUILT_PRODUCTS_DIR; };
		DC389B652BD19FCE00DB3515 /* unstressedTests.swift */ = {isa = PBXFileReference; lastKnownFileType = sourcecode.swift; path = unstressedTests.swift; sourceTree = "<group>"; };
		DC389B6B2BD19FCE00DB3515 /* unstressedUITests.xctest */ = {isa = PBXFileReference; explicitFileType = wrapper.cfbundle; includeInIndex = 0; path = unstressedUITests.xctest; sourceTree = BUILT_PRODUCTS_DIR; };
		DC389B6F2BD19FCE00DB3515 /* unstressedUITests.swift */ = {isa = PBXFileReference; lastKnownFileType = sourcecode.swift; path = unstressedUITests.swift; sourceTree = "<group>"; };
		DC389B712BD19FCE00DB3515 /* unstressedUITestsLaunchTests.swift */ = {isa = PBXFileReference; lastKnownFileType = sourcecode.swift; path = unstressedUITestsLaunchTests.swift; sourceTree = "<group>"; };
/* End PBXFileReference section */

/* Begin PBXFrameworksBuildPhase section */
		DC389B4D2BD19FCB00DB3515 /* Frameworks */ = {
			isa = PBXFrameworksBuildPhase;
			buildActionMask = 2147483647;
			files = (
			);
			runOnlyForDeploymentPostprocessing = 0;
		};
		DC389B5E2BD19FCE00DB3515 /* Frameworks */ = {
			isa = PBXFrameworksBuildPhase;
			buildActionMask = 2147483647;
			files = (
			);
			runOnlyForDeploymentPostprocessing = 0;
		};
		DC389B682BD19FCE00DB3515 /* Frameworks */ = {
			isa = PBXFrameworksBuildPhase;
			buildActionMask = 2147483647;
			files = (
			);
			runOnlyForDeploymentPostprocessing = 0;
		};
/* End PBXFrameworksBuildPhase section */

/* Begin PBXGroup section */
		DC389B472BD19FCB00DB3515 = {
			isa = PBXGroup;
			children = (
				DC389B522BD19FCB00DB3515 /* unstressed */,
				DC389B642BD19FCE00DB3515 /* unstressedTests */,
				DC389B6E2BD19FCE00DB3515 /* unstressedUITests */,
				DC389B512BD19FCB00DB3515 /* Products */,
			);
			sourceTree = "<group>";
		};
		DC389B512BD19FCB00DB3515 /* Products */ = {
			isa = PBXGroup;
			children = (
				DC389B502BD19FCB00DB3515 /* unstressed.app */,
				DC389B612BD19FCE00DB3515 /* unstressedTests.xctest */,
				DC389B6B2BD19FCE00DB3515 /* unstressedUITests.xctest */,
			);
			name = Products;
			sourceTree = "<group>";
		};
		DC389B522BD19FCB00DB3515 /* unstressed */ = {
			isa = PBXGroup;
			children = (
				DC389B532BD19FCB00DB3515 /* unstressedApp.swift */,
				DC389B552BD19FCB00DB3515 /* ContentView.swift */,
				DC389B572BD19FCD00DB3515 /* Assets.xcassets */,
				DC389B592BD19FCD00DB3515 /* unstressed.entitlements */,
				DC389B5A2BD19FCD00DB3515 /* Preview Content */,
			);
			path = unstressed;
			sourceTree = "<group>";
		};
		DC389B5A2BD19FCD00DB3515 /* Preview Content */ = {
			isa = PBXGroup;
			children = (
				DC389B5B2BD19FCD00DB3515 /* Preview Assets.xcassets */,
			);
			path = "Preview Content";
			sourceTree = "<group>";
		};
		DC389B642BD19FCE00DB3515 /* unstressedTests */ = {
			isa = PBXGroup;
			children = (
				DC389B652BD19FCE00DB3515 /* unstressedTests.swift */,
			);
			path = unstressedTests;
			sourceTree = "<group>";
		};
		DC389B6E2BD19FCE00DB3515 /* unstressedUITests */ = {
			isa = PBXGroup;
			children = (
				DC389B6F2BD19FCE00DB3515 /* unstressedUITests.swift */,
				DC389B712BD19FCE00DB3515 /* unstressedUITestsLaunchTests.swift */,
			);
			path = unstressedUITests;
			sourceTree = "<group>";
		};
/* End PBXGroup section */

/* Begin PBXNativeTarget section */
		DC389B4F2BD19FCB00DB3515 /* unstressed */ = {
			isa = PBXNativeTarget;
			buildConfigurationList = DC389B752BD19FCE00DB3515 /* Build configuration list for PBXNativeTarget "unstressed" */;
			buildPhases = (
				DC389B4C2BD19FCB00DB3515 /* Sources */,
				DC389B4D2BD19FCB00DB3515 /* Frameworks */,
				DC389B4E2BD19FCB00DB3515 /* Resources */,
			);
			buildRules = (
			);
			dependencies = (
			);
			name = unstressed;
			productName = unstressed;
			productReference = DC389B502BD19FCB00DB3515 /* unstressed.app */;
			productType = "com.apple.product-type.application";
		};
		DC389B602BD19FCE00DB3515 /* unstressedTests */ = {
			isa = PBXNativeTarget;
			buildConfigurationList = DC389B782BD19FCE00DB3515 /* Build configuration list for PBXNativeTarget "unstressedTests" */;
			buildPhases = (
				DC389B5D2BD19FCE00DB3515 /* Sources */,
				DC389B5E2BD19FCE00DB3515 /* Frameworks */,
				DC389B5F2BD19FCE00DB3515 /* Resources */,
			);
			buildRules = (
			);
			dependencies = (
				DC389B632BD19FCE00DB3515 /* PBXTargetDependency */,
			);
			name = unstressedTests;
			productName = unstressedTests;
			productReference = DC389B612BD19FCE00DB3515 /* unstressedTests.xctest */;
			productType = "com.apple.product-type.bundle.unit-test";
		};
		DC389B6A2BD19FCE00DB3515 /* unstressedUITests */ = {
			isa = PBXNativeTarget;
			buildConfigurationList = DC389B7B2BD19FCE00DB3515 /* Build configuration list for PBXNativeTarget "unstressedUITests" */;
			buildPhases = (
				DC389B672BD19FCE00DB3515 /* Sources */,
				DC389B682BD19FCE00DB3515 /* Frameworks */,
				DC389B692BD19FCE00DB3515 /* Resources */,
			);
			buildRules = (
			);
			dependencies = (
				DC389B6D2BD19FCE00DB3515 /* PBXTargetDependency */,
			);
			name = unstressedUITests;
			productName = unstressedUITests;
			productReference = DC389B6B2BD19FCE00DB3515 /* unstressedUITests.xctest */;
			productType = "com.apple.product-type.bundle.ui-testing";
		};
/* End PBXNativeTarget section */

/* Begin PBXProject section */
		DC389B482BD19FCB00DB3515 /* Project object */ = {
			isa = PBXProject;
			attributes = {
				BuildIndependentTargetsInParallel = 1;
				LastSwiftUpdateCheck = 1530;
				LastUpgradeCheck = 1530;
				TargetAttributes = {
					DC389B4F2BD19FCB00DB3515 = {
						CreatedOnToolsVersion = 15.3;
					};
					DC389B602BD19FCE00DB3515 = {
						CreatedOnToolsVersion = 15.3;
						TestTargetID = DC389B4F2BD19FCB00DB3515;
					};
					DC389B6A2BD19FCE00DB3515 = {
						CreatedOnToolsVersion = 15.3;
						TestTargetID = DC389B4F2BD19FCB00DB3515;
					};
				};
			};
			buildConfigurationList = DC389B4B2BD19FCB00DB3515 /* Build configuration list for PBXProject "unstressed" */;
			compatibilityVersion = "Xcode 14.0";
			developmentRegion = en;
			hasScannedForEncodings = 0;
			knownRegions = (
				en,
				Base,
			);
			mainGroup = DC389B472BD19FCB00DB3515;
			productRefGroup = DC389B512BD19FCB00DB3515 /* Products */;
			projectDirPath = "";
			projectRoot = "";
			targets = (
				DC389B4F2BD19FCB00DB3515 /* unstressed */,
				DC389B602BD19FCE00DB3515 /* unstressedTests */,
				DC389B6A2BD19FCE00DB3515 /* unstressedUITests */,
			);
		};
/* End PBXProject section */

/* Begin PBXResourcesBuildPhase section */
		DC389B4E2BD19FCB00DB3515 /* Resources */ = {
			isa = PBXResourcesBuildPhase;
			buildActionMask = 2147483647;
			files = (
				DC389B5C2BD19FCD00DB3515 /* Preview Assets.xcassets in Resources */,
				DC389B582BD19FCD00DB3515 /* Assets.xcassets in Resources */,
			);
			runOnlyForDeploymentPostprocessing = 0;
		};
		DC389B5F2BD19FCE00DB3515 /* Resources */ = {
			isa = PBXResourcesBuildPhase;
			buildActionMask = 2147483647;
			files = (
			);
			runOnlyForDeploymentPostprocessing = 0;
		};
		DC389B692BD19FCE00DB3515 /* Resources */ = {
			isa = PBXResourcesBuildPhase;
			buildActionMask = 2147483647;
			files = (
			);
			runOnlyForDeploymentPostprocessing = 0;
		};
/* End PBXResourcesBuildPhase section */

/* Begin PBXSourcesBuildPhase section */
		DC389B4C2BD19FCB00DB3515 /* Sources */ = {
			isa = PBXSourcesBuildPhase;
			buildActionMask = 2147483647;
			files = (
				DC389B562BD19FCB00DB3515 /* ContentView.swift in Sources */,
				DC389B542BD19FCB00DB3515 /* unstressedApp.swift in Sources */,
			);
			runOnlyForDeploymentPostprocessing = 0;
		};
		DC389B5D2BD19FCE00DB3515 /* Sources */ = {
			isa = PBXSourcesBuildPhase;
			buildActionMask = 2147483647;
			files = (
				DC389B662BD19FCE00DB3515 /* unstressedTests.swift in Sources */,
			);
			runOnlyForDeploymentPostprocessing = 0;
		};
		DC389B672BD19FCE00DB3515 /* Sources */ = {
			isa = PBXSourcesBuildPhase;
			buildActionMask = 2147483647;
			files = (
				DC389B722BD19FCE00DB3515 /* unstressedUITestsLaunchTests.swift in Sources */,
				DC389B702BD19FCE00DB3515 /* unstressedUITests.swift in Sources */,
			);
			runOnlyForDeploymentPostprocessing = 0;
		};
/* End PBXSourcesBuildPhase section */

/* Begin PBXTargetDependency section */
		DC389B632BD19FCE00DB3515 /* PBXTargetDependency */ = {
			isa = PBXTargetDependency;
			target = DC389B4F2BD19FCB00DB3515 /* unstressed */;
			targetProxy = DC389B622BD19FCE00DB3515 /* PBXContainerItemProxy */;
		};
		DC389B6D2BD19FCE00DB3515 /* PBXTargetDependency */ = {
			isa = PBXTargetDependency;
			target = DC389B4F2BD19FCB00DB3515 /* unstressed */;
			targetProxy = DC389B6C2BD19FCE00DB3515 /* PBXContainerItemProxy */;
		};
/* End PBXTargetDependency section */

/* Begin XCBuildConfiguration section */
		DC389B732BD19FCE00DB3515 /* Debug */ = {
			isa = XCBuildConfiguration;
			buildSettings = {
				ALWAYS_SEARCH_USER_PATHS = NO;
				ASSETCATALOG_COMPILER_GENERATE_SWIFT_ASSET_SYMBOL_EXTENSIONS = YES;
				CLANG_ANALYZER_NONNULL = YES;
				CLANG_ANALYZER_NUMBER_OBJECT_CONVERSION = YES_AGGRESSIVE;
				CLANG_CXX_LANGUAGE_STANDARD = "gnu++20";
				CLANG_ENABLE_MODULES = YES;
				CLANG_ENABLE_OBJC_ARC = YES;
				CLANG_ENABLE_OBJC_WEAK = YES;
				CLANG_WARN_BLOCK_CAPTURE_AUTORELEASING = YES;
				CLANG_WARN_BOOL_CONVERSION = YES;
				CLANG_WARN_COMMA = YES;
				CLANG_WARN_CONSTANT_CONVERSION = YES;
				CLANG_WARN_DEPRECATED_OBJC_IMPLEMENTATIONS = YES;
				CLANG_WARN_DIRECT_OBJC_ISA_USAGE = YES_ERROR;
				CLANG_WARN_DOCUMENTATION_COMMENTS = YES;
				CLANG_WARN_EMPTY_BODY = YES;
				CLANG_WARN_ENUM_CONVERSION = YES;
				CLANG_WARN_INFINITE_RECURSION = YES;
				CLANG_WARN_INT_CONVERSION = YES;
				CLANG_WARN_NON_LITERAL_NULL_CONVERSION = YES;
				CLANG_WARN_OBJC_IMPLICIT_RETAIN_SELF = YES;
				CLANG_WARN_OBJC_LITERAL_CONVERSION = YES;
				CLANG_WARN_OBJC_ROOT_CLASS = YES_ERROR;
				CLANG_WARN_QUOTED_INCLUDE_IN_FRAMEWORK_HEADER = YES;
				CLANG_WARN_RANGE_LOOP_ANALYSIS = YES;
				CLANG_WARN_STRICT_PROTOTYPES = YES;
				CLANG_WARN_SUSPICIOUS_MOVE = YES;
				CLANG_WARN_UNGUARDED_AVAILABILITY = YES_AGGRESSIVE;
				CLANG_WARN_UNREACHABLE_CODE = YES;
				CLANG_WARN__DUPLICATE_METHOD_MATCH = YES;
				COPY_PHASE_STRIP = NO;
				DEBUG_INFORMATION_FORMAT = dwarf;
				ENABLE_STRICT_OBJC_MSGSEND = YES;
				ENABLE_TESTABILITY = YES;
				ENABLE_USER_SCRIPT_SANDBOXING = YES;
				GCC_C_LANGUAGE_STANDARD = gnu17;
				GCC_DYNAMIC_NO_PIC = NO;
				GCC_NO_COMMON_BLOCKS = YES;
				GCC_OPTIMIZATION_LEVEL = 0;
				GCC_PREPROCESSOR_DEFINITIONS = (
					"DEBUG=1",
					"$(inherited)",
				);
				GCC_WARN_64_TO_32_BIT_CONVERSION = YES;
				GCC_WARN_ABOUT_RETURN_TYPE = YES_ERROR;
				GCC_WARN_UNDECLARED_SELECTOR = YES;
				GCC_WARN_UNINITIALIZED_AUTOS = YES_AGGRESSIVE;
				GCC_WARN_UNUSED_FUNCTION = YES;
				GCC_WARN_UNUSED_VARIABLE = YES;
				LOCALIZATION_PREFERS_STRING_CATALOGS = YES;
				MTL_ENABLE_DEBUG_INFO = INCLUDE_SOURCE;
				MTL_FAST_MATH = YES;
				ONLY_ACTIVE_ARCH = YES;
				SWIFT_ACTIVE_COMPILATION_CONDITIONS = "DEBUG $(inherited)";
				SWIFT_OPTIMIZATION_LEVEL = "-Onone";
			};
			name = Debug;
		};
		DC389B742BD19FCE00DB3515 /* Release */ = {
			isa = XCBuildConfiguration;
			buildSettings = {
				ALWAYS_SEARCH_USER_PATHS = NO;
				ASSETCATALOG_COMPILER_GENERATE_SWIFT_ASSET_SYMBOL_EXTENSIONS = YES;
				CLANG_ANALYZER_NONNULL = YES;
				CLANG_ANALYZER_NUMBER_OBJECT_CONVERSION = YES_AGGRESSIVE;
				CLANG_CXX_LANGUAGE_STANDARD = "gnu++20";
				CLANG_ENABLE_MODULES = YES;
				CLANG_ENABLE_OBJC_ARC = YES;
				CLANG_ENABLE_OBJC_WEAK = YES;
				CLANG_WARN_BLOCK_CAPTURE_AUTORELEASING = YES;
				CLANG_WARN_BOOL_CONVERSION = YES;
				CLANG_WARN_COMMA = YES;
				CLANG_WARN_CONSTANT_CONVERSION = YES;
				CLANG_WARN_DEPRECATED_OBJC_IMPLEMENTATIONS = YES;
				CLANG_WARN_DIRECT_OBJC_ISA_USAGE = YES_ERROR;
				CLANG_WARN_DOCUMENTATION_COMMENTS = YES;
				CLANG_WARN_EMPTY_BODY = YES;
				CLANG_WARN_ENUM_CONVERSION = YES;
				CLANG_WARN_INFINITE_RECURSION = YES;
				CLANG_WARN_INT_CONVERSION = YES;
				CLANG_WARN_NON_LITERAL_NULL_CONVERSION = YES;
				CLANG_WARN_OBJC_IMPLICIT_RETAIN_SELF = YES;
				CLANG_WARN_OBJC_LITERAL_CONVERSION = YES;
				CLANG_WARN_OBJC_ROOT_CLASS = YES_ERROR;
				CLANG_WARN_QUOTED_INCLUDE_IN_FRAMEWORK_HEADER = YES;
				CLANG_WARN_RANGE_LOOP_ANALYSIS = YES;
				CLANG_WARN_STRICT_PROTOTYPES = YES;
				CLANG_WARN_SUSPICIOUS_MOVE = YES;
				CLANG_WARN_UNGUARDED_AVAILABILITY = YES_AGGRESSIVE;
				CLANG_WARN_UNREACHABLE_CODE = YES;
				CLANG_WARN__DUPLICATE_METHOD_MATCH = YES;
				COPY_PHASE_STRIP = NO;
				DEBUG_INFORMATION_FORMAT = "dwarf-with-dsym";
				ENABLE_NS_ASSERTIONS = NO;
				ENABLE_STRICT_OBJC_MSGSEND = YES;
				ENABLE_USER_SCRIPT_SANDBOXING = YES;
				GCC_C_LANGUAGE_STANDARD = gnu17;
				GCC_NO_COMMON_BLOCKS = YES;
				GCC_WARN_64_TO_32_BIT_CONVERSION = YES;
				GCC_WARN_ABOUT_RETURN_TYPE = YES_ERROR;
				GCC_WARN_UNDECLARED_SELECTOR = YES;
				GCC_WARN_UNINITIALIZED_AUTOS = YES_AGGRESSIVE;
				GCC_WARN_UNUSED_FUNCTION = YES;
				GCC_WARN_UNUSED_VARIABLE = YES;
				LOCALIZATION_PREFERS_STRING_CATALOGS = YES;
				MTL_ENABLE_DEBUG_INFO = NO;
				MTL_FAST_MATH = YES;
				SWIFT_COMPILATION_MODE = wholemodule;
			};
			name = Release;
		};
		DC389B762BD19FCE00DB3515 /* Debug */ = {
			isa = XCBuildConfiguration;
			buildSettings = {
				ASSETCATALOG_COMPILER_APPICON_NAME = AppIcon;
				ASSETCATALOG_COMPILER_GLOBAL_ACCENT_COLOR_NAME = AccentColor;
				CODE_SIGN_ENTITLEMENTS = unstressed/unstressed.entitlements;
				CODE_SIGN_STYLE = Automatic;
				CURRENT_PROJECT_VERSION = 1;
				DEVELOPMENT_ASSET_PATHS = "\"unstressed/Preview Content\"";
				ENABLE_PREVIEWS = YES;
				GENERATE_INFOPLIST_FILE = YES;
				"INFOPLIST_KEY_UIApplicationSceneManifest_Generation[sdk=iphoneos*]" = YES;
				"INFOPLIST_KEY_UIApplicationSceneManifest_Generation[sdk=iphonesimulator*]" = YES;
				"INFOPLIST_KEY_UIApplicationSupportsIndirectInputEvents[sdk=iphoneos*]" = YES;
				"INFOPLIST_KEY_UIApplicationSupportsIndirectInputEvents[sdk=iphonesimulator*]" = YES;
				"INFOPLIST_KEY_UILaunchScreen_Generation[sdk=iphoneos*]" = YES;
				"INFOPLIST_KEY_UILaunchScreen_Generation[sdk=iphonesimulator*]" = YES;
				"INFOPLIST_KEY_UIStatusBarStyle[sdk=iphoneos*]" = UIStatusBarStyleDefault;
				"INFOPLIST_KEY_UIStatusBarStyle[sdk=iphonesimulator*]" = UIStatusBarStyleDefault;
				INFOPLIST_KEY_UISupportedInterfaceOrientations_iPad = "UIInterfaceOrientationPortrait UIInterfaceOrientationPortraitUpsideDown UIInterfaceOrientationLandscapeLeft UIInterfaceOrientationLandscapeRight";
				INFOPLIST_KEY_UISupportedInterfaceOrientations_iPhone = "UIInterfaceOrientationPortrait UIInterfaceOrientationLandscapeLeft UIInterfaceOrientationLandscapeRight";
				IPHONEOS_DEPLOYMENT_TARGET = 17.4;
				LD_RUNPATH_SEARCH_PATHS = "@executable_path/Frameworks";
				"LD_RUNPATH_SEARCH_PATHS[sdk=macosx*]" = "@executable_path/../Frameworks";
				MACOSX_DEPLOYMENT_TARGET = 14.1;
				MARKETING_VERSION = 1.0;
				PRODUCT_BUNDLE_IDENTIFIER = com.soki.unstressed;
				PRODUCT_NAME = "$(TARGET_NAME)";
				SDKROOT = auto;
				SUPPORTED_PLATFORMS = "iphoneos iphonesimulator macosx";
				SWIFT_EMIT_LOC_STRINGS = YES;
				SWIFT_VERSION = 5.0;
				TARGETED_DEVICE_FAMILY = "1,2";
			};
			name = Debug;
		};
		DC389B772BD19FCE00DB3515 /* Release */ = {
			isa = XCBuildConfiguration;
			buildSettings = {
				ASSETCATALOG_COMPILER_APPICON_NAME = AppIcon;
				ASSETCATALOG_COMPILER_GLOBAL_ACCENT_COLOR_NAME = AccentColor;
				CODE_SIGN_ENTITLEMENTS = unstressed/unstressed.entitlements;
				CODE_SIGN_STYLE = Automatic;
				CURRENT_PROJECT_VERSION = 1;
				DEVELOPMENT_ASSET_PATHS = "\"unstressed/Preview Content\"";
				ENABLE_PREVIEWS = YES;
				GENERATE_INFOPLIST_FILE = YES;
				"INFOPLIST_KEY_UIApplicationSceneManifest_Generation[sdk=iphoneos*]" = YES;
				"INFOPLIST_KEY_UIApplicationSceneManifest_Generation[sdk=iphonesimulator*]" = YES;
				"INFOPLIST_KEY_UIApplicationSupportsIndirectInputEvents[sdk=iphoneos*]" = YES;
				"INFOPLIST_KEY_UIApplicationSupportsIndirectInputEvents[sdk=iphonesimulator*]" = YES;
				"INFOPLIST_KEY_UILaunchScreen_Generation[sdk=iphoneos*]" = YES;
				"INFOPLIST_KEY_UILaunchScreen_Generation[sdk=iphonesimulator*]" = YES;
				"INFOPLIST_KEY_UIStatusBarStyle[sdk=iphoneos*]" = UIStatusBarStyleDefault;
				"INFOPLIST_KEY_UIStatusBarStyle[sdk=iphonesimulator*]" = UIStatusBarStyleDefault;
				INFOPLIST_KEY_UISupportedInterfaceOrientations_iPad = "UIInterfaceOrientationPortrait UIInterfaceOrientationPortraitUpsideDown UIInterfaceOrientationLandscapeLeft UIInterfaceOrientationLandscapeRight";
				INFOPLIST_KEY_UISupportedInterfaceOrientations_iPhone = "UIInterfaceOrientationPortrait UIInterfaceOrientationLandscapeLeft UIInterfaceOrientationLandscapeRight";
				IPHONEOS_DEPLOYMENT_TARGET = 17.4;
				LD_RUNPATH_SEARCH_PATHS = "@executable_path/Frameworks";
				"LD_RUNPATH_SEARCH_PATHS[sdk=macosx*]" = "@executable_path/../Frameworks";
				MACOSX_DEPLOYMENT_TARGET = 14.1;
				MARKETING_VERSION = 1.0;
				PRODUCT_BUNDLE_IDENTIFIER = com.soki.unstressed;
				PRODUCT_NAME = "$(TARGET_NAME)";
				SDKROOT = auto;
				SUPPORTED_PLATFORMS = "iphoneos iphonesimulator macosx";
				SWIFT_EMIT_LOC_STRINGS = YES;
				SWIFT_VERSION = 5.0;
				TARGETED_DEVICE_FAMILY = "1,2";
			};
			name = Release;
		};
		DC389B792BD19FCE00DB3515 /* Debug */ = {
			isa = XCBuildConfiguration;
			buildSettings = {
				ALWAYS_EMBED_SWIFT_STANDARD_LIBRARIES = YES;
				BUNDLE_LOADER = "$(TEST_HOST)";
				CODE_SIGN_STYLE = Automatic;
				CURRENT_PROJECT_VERSION = 1;
				GENERATE_INFOPLIST_FILE = YES;
				IPHONEOS_DEPLOYMENT_TARGET = 17.4;
				MACOSX_DEPLOYMENT_TARGET = 14.1;
				MARKETING_VERSION = 1.0;
				PRODUCT_BUNDLE_IDENTIFIER = com.soki.unstressedTests;
				PRODUCT_NAME = "$(TARGET_NAME)";
				SDKROOT = auto;
				SUPPORTED_PLATFORMS = "iphoneos iphonesimulator macosx";
				SWIFT_EMIT_LOC_STRINGS = NO;
				SWIFT_VERSION = 5.0;
				TARGETED_DEVICE_FAMILY = "1,2";
				TEST_HOST = "$(BUILT_PRODUCTS_DIR)/unstressed.app/$(BUNDLE_EXECUTABLE_FOLDER_PATH)/unstressed";
			};
			name = Debug;
		};
		DC389B7A2BD19FCE00DB3515 /* Release */ = {
			isa = XCBuildConfiguration;
			buildSettings = {
				ALWAYS_EMBED_SWIFT_STANDARD_LIBRARIES = YES;
				BUNDLE_LOADER = "$(TEST_HOST)";
				CODE_SIGN_STYLE = Automatic;
				CURRENT_PROJECT_VERSION = 1;
				GENERATE_INFOPLIST_FILE = YES;
				IPHONEOS_DEPLOYMENT_TARGET = 17.4;
				MACOSX_DEPLOYMENT_TARGET = 14.1;
				MARKETING_VERSION = 1.0;
				PRODUCT_BUNDLE_IDENTIFIER = com.soki.unstressedTests;
				PRODUCT_NAME = "$(TARGET_NAME)";
				SDKROOT = auto;
				SUPPORTED_PLATFORMS = "iphoneos iphonesimulator macosx";
				SWIFT_EMIT_LOC_STRINGS = NO;
				SWIFT_VERSION = 5.0;
				TARGETED_DEVICE_FAMILY = "1,2";
				TEST_HOST = "$(BUILT_PRODUCTS_DIR)/unstressed.app/$(BUNDLE_EXECUTABLE_FOLDER_PATH)/unstressed";
			};
			name = Release;
		};
		DC389B7C2BD19FCE00DB3515 /* Debug */ = {
			isa = XCBuildConfiguration;
			buildSettings = {
				ALWAYS_EMBED_SWIFT_STANDARD_LIBRARIES = YES;
				CODE_SIGN_STYLE = Automatic;
				CURRENT_PROJECT_VERSION = 1;
				GENERATE_INFOPLIST_FILE = YES;
				IPHONEOS_DEPLOYMENT_TARGET = 17.4;
				MACOSX_DEPLOYMENT_TARGET = 14.1;
				MARKETING_VERSION = 1.0;
				PRODUCT_BUNDLE_IDENTIFIER = com.soki.unstressedUITests;
				PRODUCT_NAME = "$(TARGET_NAME)";
				SDKROOT = auto;
				SUPPORTED_PLATFORMS = "iphoneos iphonesimulator macosx";
				SWIFT_EMIT_LOC_STRINGS = NO;
				SWIFT_VERSION = 5.0;
				TARGETED_DEVICE_FAMILY = "1,2";
				TEST_TARGET_NAME = unstressed;
			};
			name = Debug;
		};
		DC389B7D2BD19FCE00DB3515 /* Release */ = {
			isa = XCBuildConfiguration;
			buildSettings = {
				ALWAYS_EMBED_SWIFT_STANDARD_LIBRARIES = YES;
				CODE_SIGN_STYLE = Automatic;
				CURRENT_PROJECT_VERSION = 1;
				GENERATE_INFOPLIST_FILE = YES;
				IPHONEOS_DEPLOYMENT_TARGET = 17.4;
				MACOSX_DEPLOYMENT_TARGET = 14.1;
				MARKETING_VERSION = 1.0;
				PRODUCT_BUNDLE_IDENTIFIER = com.soki.unstressedUITests;
				PRODUCT_NAME = "$(TARGET_NAME)";
				SDKROOT = auto;
				SUPPORTED_PLATFORMS = "iphoneos iphonesimulator macosx";
				SWIFT_EMIT_LOC_STRINGS = NO;
				SWIFT_VERSION = 5.0;
				TARGETED_DEVICE_FAMILY = "1,2";
				TEST_TARGET_NAME = unstressed;
			};
			name = Release;
		};
/* End XCBuildConfiguration section */

/* Begin XCConfigurationList section */
		DC389B4B2BD19FCB00DB3515 /* Build configuration list for PBXProject "unstressed" */ = {
			isa = XCConfigurationList;
			buildConfigurations = (
				DC389B732BD19FCE00DB3515 /* Debug */,
				DC389B742BD19FCE00DB3515 /* Release */,
			);
			defaultConfigurationIsVisible = 0;
			defaultConfigurationName = Release;
		};
		DC389B752BD19FCE00DB3515 /* Build configuration list for PBXNativeTarget "unstressed" */ = {
			isa = XCConfigurationList;
			buildConfigurations = (
				DC389B762BD19FCE00DB3515 /* Debug */,
				DC389B772BD19FCE00DB3515 /* Release */,
			);
			defaultConfigurationIsVisible = 0;
			defaultConfigurationName = Release;
		};
		DC389B782BD19FCE00DB3515 /* Build configuration list for PBXNativeTarget "unstressedTests" */ = {
			isa = XCConfigurationList;
			buildConfigurations = (
				DC389B792BD19FCE00DB3515 /* Debug */,
				DC389B7A2BD19FCE00DB3515 /* Release */,
			);
			defaultConfigurationIsVisible = 0;
			defaultConfigurationName = Release;
		};
		DC389B7B2BD19FCE00DB3515 /* Build configuration list for PBXNativeTarget "unstressedUITests" */ = {
			isa = XCConfigurationList;
			buildConfigurations = (
				DC389B7C2BD19FCE00DB3515 /* Debug */,
				DC389B7D2BD19FCE00DB3515 /* Release */,
			);
			defaultConfigurationIsVisible = 0;
			defaultConfigurationName = Release;
		};
/* End XCConfigurationList section */
	};
	rootObject = DC389B482BD19FCB00DB3515 /* Project object */;
}
